
Microsoft Visual Studio Solution File, Format Version 12.00
# Visual Studio Version 16
VisualStudioVersion = 16.0.31313.79
MinimumVisualStudioVersion = 10.0.40219.1
Project("{FAE04EC0-301F-11D3-BF4B-00C04F79EFBC}") = "CoreAngularSystem", "CoreAngularSystem.csproj", "{0B03A4DA-FB1A-4119-9483-5C7E202C6163}"
EndProject
Global
	GlobalSection(SolutionConfigurationPlatforms) = preSolution
		Debug|Any CPU = Debug|Any CPU
		Release|Any CPU = Release|Any CPU
	EndGlobalSection
	GlobalSection(ProjectConfigurationPlatforms) = postSolution
		{0B03A4DA-FB1A-4119-9483-5C7E202C6163}.Debug|Any CPU.ActiveCfg = Debug|Any CPU
		{0B03A4DA-FB1A-4119-9483-5C7E202C6163}.Debug|Any CPU.Build.0 = Debug|Any CPU
		{0B03A4DA-FB1A-4119-9483-5C7E202C6163}.Release|Any CPU.ActiveCfg = Release|Any CPU
		{0B03A4DA-FB1A-4119-9483-5C7E202C6163}.Release|Any CPU.Build.0 = Release|Any CPU
	EndGlobalSection
	GlobalSection(SolutionProperties) = preSolution
		HideSolutionNode = FALSE
	EndGlobalSection
	GlobalSection(ExtensibilityGlobals) = postSolution
		SolutionGuid = {B4CE71DE-F4CF-44F5-8C9E-FFBC1A062F85}
	EndGlobalSection
EndGlobal
